
Microsoft Visual Studio Solution File, Format Version 12.00
# Visual Studio Version 16
VisualStudioVersion = 16.0.31829.152
MinimumVisualStudioVersion = 10.0.40219.1
Project("{FAE04EC0-301F-11D3-BF4B-00C04F79EFBC}") = "TareaSemana6AV.Android", "TareaSemana6AV.Android\TareaSemana6AV.Android.csproj", "{1624EDB1-7F51-4AC1-93CB-CC3E161BB8E2}"
EndProject
Project("{FAE04EC0-301F-11D3-BF4B-00C04F79EFBC}") = "TareaSemana6AV.iOS", "TareaSemana6AV.iOS\TareaSemana6AV.iOS.csproj", "{F113637F-5690-4E37-A205-C169F6F1FF92}"
EndProject
Project("{FAE04EC0-301F-11D3-BF4B-00C04F79EFBC}") = "TareaSemana6AV", "TareaSemana6AV\TareaSemana6AV.csproj", "{D440C66D-DC24-49FE-8114-CFEDFD7B005A}"
EndProject
Global
	GlobalSection(SolutionConfigurationPlatforms) = preSolution
		Debug|Any CPU = Debug|Any CPU
		Debug|iPhone = Debug|iPhone
		Debug|iPhoneSimulator = Debug|iPhoneSimulator
		Release|Any CPU = Release|Any CPU
		Release|iPhone = Release|iPhone
		Release|iPhoneSimulator = Release|iPhoneSimulator
	EndGlobalSection
	GlobalSection(ProjectConfigurationPlatforms) = postSolution
		{1624EDB1-7F51-4AC1-93CB-CC3E161BB8E2}.Debug|Any CPU.ActiveCfg = Debug|Any CPU
		{1624EDB1-7F51-4AC1-93CB-CC3E161BB8E2}.Debug|Any CPU.Build.0 = Debug|Any CPU
		{1624EDB1-7F51-4AC1-93CB-CC3E161BB8E2}.Debug|Any CPU.Deploy.0 = Debug|Any CPU
		{1624EDB1-7F51-4AC1-93CB-CC3E161BB8E2}.Debug|iPhone.ActiveCfg = Debug|Any CPU
		{1624EDB1-7F51-4AC1-93CB-CC3E161BB8E2}.Debug|iPhone.Build.0 = Debug|Any CPU
		{1624EDB1-7F51-4AC1-93CB-CC3E161BB8E2}.Debug|iPhone.Deploy.0 = Debug|Any CPU
		{1624EDB1-7F51-4AC1-93CB-CC3E161BB8E2}.Debug|iPhoneSimulator.ActiveCfg = Debug|Any CPU
		{1624EDB1-7F51-4AC1-93CB-CC3E161BB8E2}.Debug|iPhoneSimulator.Build.0 = Debug|Any CPU
		{1624EDB1-7F51-4AC1-93CB-CC3E161BB8E2}.Debug|iPhoneSimulator.Deploy.0 = Debug|Any CPU
		{1624EDB1-7F51-4AC1-93CB-CC3E161BB8E2}.Release|Any CPU.ActiveCfg = Release|Any CPU
		{1624EDB1-7F51-4AC1-93CB-CC3E161BB8E2}.Release|Any CPU.Build.0 = Release|Any CPU
		{1624EDB1-7F51-4AC1-93CB-CC3E161BB8E2}.Release|Any CPU.Deploy.0 = Release|Any CPU
		{1624EDB1-7F51-4AC1-93CB-CC3E161BB8E2}.Release|iPhone.ActiveCfg = Release|Any CPU
		{1624EDB1-7F51-4AC1-93CB-CC3E161BB8E2}.Release|iPhone.Build.0 = Release|Any CPU
		{1624EDB1-7F51-4AC1-93CB-CC3E161BB8E2}.Release|iPhone.Deploy.0 = Release|Any CPU
		{1624EDB1-7F51-4AC1-93CB-CC3E161BB8E2}.Release|iPhoneSimulator.ActiveCfg = Release|Any CPU
		{1624EDB1-7F51-4AC1-93CB-CC3E161BB8E2}.Release|iPhoneSimulator.Build.0 = Release|Any CPU
		{1624EDB1-7F51-4AC1-93CB-CC3E161BB8E2}.Release|iPhoneSimulator.Deploy.0 = Release|Any CPU
		{F113637F-5690-4E37-A205-C169F6F1FF92}.Debug|Any CPU.ActiveCfg = Debug|iPhone
		{F113637F-5690-4E37-A205-C169F6F1FF92}.Debug|Any CPU.Build.0 = Debug|iPhone
		{F113637F-5690-4E37-A205-C169F6F1FF92}.Debug|Any CPU.Deploy.0 = Debug|iPhone
		{F113637F-5690-4E37-A205-C169F6F1FF92}.Debug|iPhone.ActiveCfg = Debug|iPhone
		{F113637F-5690-4E37-A205-C169F6F1FF92}.Debug|iPhone.Build.0 = Debug|iPhone
		{F113637F-5690-4E37-A205-C169F6F1FF92}.Debug|iPhone.Deploy.0 = Debug|iPhone
		{F113637F-5690-4E37-A205-C169F6F1FF92}.Debug|iPhoneSimulator.ActiveCfg = Debug|iPhoneSimulator
		{F113637F-5690-4E37-A205-C169F6F1FF92}.Debug|iPhoneSimulator.Build.0 = Debug|iPhoneSimulator
		{F113637F-5690-4E37-A205-C169F6F1FF92}.Debug|iPhoneSimulator.Deploy.0 = Debug|iPhoneSimulator
		{F113637F-5690-4E37-A205-C169F6F1FF92}.Release|Any CPU.ActiveCfg = Release|iPhoneSimulator
		{F113637F-5690-4E37-A205-C169F6F1FF92}.Release|Any CPU.Build.0 = Release|iPhoneSimulator
		{F113637F-5690-4E37-A205-C169F6F1FF92}.Release|Any CPU.Deploy.0 = Release|iPhoneSimulator
		{F113637F-5690-4E37-A205-C169F6F1FF92}.Release|iPhone.ActiveCfg = Release|iPhone
		{F113637F-5690-4E37-A205-C169F6F1FF92}.Release|iPhone.Build.0 = Release|iPhone
		{F113637F-5690-4E37-A205-C169F6F1FF92}.Release|iPhone.Deploy.0 = Release|iPhone
		{F113637F-5690-4E37-A205-C169F6F1FF92}.Release|iPhoneSimulator.ActiveCfg = Release|iPhoneSimulator
		{F113637F-5690-4E37-A205-C169F6F1FF92}.Release|iPhoneSimulator.Build.0 = Release|iPhoneSimulator
		{F113637F-5690-4E37-A205-C169F6F1FF92}.Release|iPhoneSimulator.Deploy.0 = Release|iPhoneSimulator
		{D440C66D-DC24-49FE-8114-CFEDFD7B005A}.Debug|Any CPU.ActiveCfg = Debug|Any CPU
		{D440C66D-DC24-49FE-8114-CFEDFD7B005A}.Debug|Any CPU.Build.0 = Debug|Any CPU
		{D440C66D-DC24-49FE-8114-CFEDFD7B005A}.Debug|Any CPU.Deploy.0 = Debug|Any CPU
		{D440C66D-DC24-49FE-8114-CFEDFD7B005A}.Debug|iPhone.ActiveCfg = Debug|Any CPU
		{D440C66D-DC24-49FE-8114-CFEDFD7B005A}.Debug|iPhone.Build.0 = Debug|Any CPU
		{D440C66D-DC24-49FE-8114-CFEDFD7B005A}.Debug|iPhone.Deploy.0 = Debug|Any CPU
		{D440C66D-DC24-49FE-8114-CFEDFD7B005A}.Debug|iPhoneSimulator.ActiveCfg = Debug|Any CPU
		{D440C66D-DC24-49FE-8114-CFEDFD7B005A}.Debug|iPhoneSimulator.Build.0 = Debug|Any CPU
		{D440C66D-DC24-49FE-8114-CFEDFD7B005A}.Debug|iPhoneSimulator.Deploy.0 = Debug|Any CPU
		{D440C66D-DC24-49FE-8114-CFEDFD7B005A}.Release|Any CPU.ActiveCfg = Release|Any CPU
		{D440C66D-DC24-49FE-8114-CFEDFD7B005A}.Release|Any CPU.Build.0 = Release|Any CPU
		{D440C66D-DC24-49FE-8114-CFEDFD7B005A}.Release|Any CPU.Deploy.0 = Release|Any CPU
		{D440C66D-DC24-49FE-8114-CFEDFD7B005A}.Release|iPhone.ActiveCfg = Release|Any CPU
		{D440C66D-DC24-49FE-8114-CFEDFD7B005A}.Release|iPhone.Build.0 = Release|Any CPU
		{D440C66D-DC24-49FE-8114-CFEDFD7B005A}.Release|iPhone.Deploy.0 = Release|Any CPU
		{D440C66D-DC24-49FE-8114-CFEDFD7B005A}.Release|iPhoneSimulator.ActiveCfg = Release|Any CPU
		{D440C66D-DC24-49FE-8114-CFEDFD7B005A}.Release|iPhoneSimulator.Build.0 = Release|Any CPU
		{D440C66D-DC24-49FE-8114-CFEDFD7B005A}.Release|iPhoneSimulator.Deploy.0 = Release|Any CPU
	EndGlobalSection
	GlobalSection(SolutionProperties) = preSolution
		HideSolutionNode = FALSE
	EndGlobalSection
	GlobalSection(ExtensibilityGlobals) = postSolution
		SolutionGuid = {C8A2734F-893A-4A9D-BF27-B7EE5BBB6D1B}
	EndGlobalSection
EndGlobal
